
Microsoft Visual Studio Solution File, Format Version 12.00
# Visual Studio Version 16
VisualStudioVersion = 16.0.30406.217
MinimumVisualStudioVersion = 10.0.40219.1
Project("{FAE04EC0-301F-11D3-BF4B-00C04F79EFBC}") = "OnePhp.NetTechExam", "OnePhp.NetTechExam\OnePhp.NetTechExam.csproj", "{7ED6B929-E34F-4743-B699-7408F86BB6B2}"
EndProject
Global
	GlobalSection(SolutionConfigurationPlatforms) = preSolution
		Debug|Any CPU = Debug|Any CPU
		Release|Any CPU = Release|Any CPU
	EndGlobalSection
	GlobalSection(ProjectConfigurationPlatforms) = postSolution
		{7ED6B929-E34F-4743-B699-7408F86BB6B2}.Debug|Any CPU.ActiveCfg = Debug|Any CPU
		{7ED6B929-E34F-4743-B699-7408F86BB6B2}.Debug|Any CPU.Build.0 = Debug|Any CPU
		{7ED6B929-E34F-4743-B699-7408F86BB6B2}.Release|Any CPU.ActiveCfg = Release|Any CPU
		{7ED6B929-E34F-4743-B699-7408F86BB6B2}.Release|Any CPU.Build.0 = Release|Any CPU
	EndGlobalSection
	GlobalSection(SolutionProperties) = preSolution
		HideSolutionNode = FALSE
	EndGlobalSection
	GlobalSection(ExtensibilityGlobals) = postSolution
		SolutionGuid = {387ADD4B-870B-485A-97DE-88C28FAA09C9}
	EndGlobalSection
EndGlobal
